
Microsoft Visual Studio Solution File, Format Version 12.00
# Visual Studio Version 17
VisualStudioVersion = 17.8.34330.188
MinimumVisualStudioVersion = 10.0.40219.1
Project("{2150E333-8FDC-42A3-9474-1A3956D46DE8}") = "API", "API", "{88BF6FC5-B45E-4422-876C-8B49BE773D01}"
EndProject
Project("{9A19103F-16F7-4668-BE54-9A1E7A4F7556}") = "TestApi", "TestApi\TestApi.csproj", "{6C085C2D-FFF1-4813-924B-BE8D7F92C1CF}"
EndProject
Project("{9A19103F-16F7-4668-BE54-9A1E7A4F7556}") = "TestGeneratorApi", "TestGeneratorApi\TestGeneratorApi.csproj", "{C37CB66A-C567-4917-AF61-9B03FCE497D6}"
EndProject
Project("{9A19103F-16F7-4668-BE54-9A1E7A4F7556}") = "AuthorizationApi", "AuthorizationApi\AuthorizationApi.csproj", "{33179E25-8488-4E36-B994-C6C7A1ED77A6}"
EndProject
Project("{9A19103F-16F7-4668-BE54-9A1E7A4F7556}") = "KnowledgeBaseApi", "KnowledgeBaseApi\KnowledgeBaseApi.csproj", "{67DDCDD3-8BA3-4FC3-A559-57A73E7D601A}"
EndProject
Project("{9A19103F-16F7-4668-BE54-9A1E7A4F7556}") = "HRApi", "HRApi\HRApi.csproj", "{B8BEDCE0-9D82-4AF0-889A-4E3BDEAC5E96}"
EndProject
Project("{9A19103F-16F7-4668-BE54-9A1E7A4F7556}") = "StatisticApi", "StatisticApi\StatisticApi.csproj", "{3AD3BE06-5993-4540-8531-20D74FDD5D2F}"
EndProject
Project("{9A19103F-16F7-4668-BE54-9A1E7A4F7556}") = "Helpers", "Helpers\Helpers.csproj", "{5FE7223B-68D9-42F7-B7AC-EC0802230E40}"
EndProject
Project("{9A19103F-16F7-4668-BE54-9A1E7A4F7556}") = "Contracts", "Contracts\Contracts.csproj", "{E015AB0C-E1ED-49FF-9E35-853871B83192}"
EndProject
Project("{9A19103F-16F7-4668-BE54-9A1E7A4F7556}") = "DB", "DB\DB.csproj", "{7EE148D0-40D5-4C66-B501-8B0CF3C379C1}"
EndProject
Global
	GlobalSection(SolutionConfigurationPlatforms) = preSolution
		Debug|Any CPU = Debug|Any CPU
		Debug|x64 = Debug|x64
		Debug|x86 = Debug|x86
		Release|Any CPU = Release|Any CPU
		Release|x64 = Release|x64
		Release|x86 = Release|x86
	EndGlobalSection
	GlobalSection(ProjectConfigurationPlatforms) = postSolution
		{6C085C2D-FFF1-4813-924B-BE8D7F92C1CF}.Debug|Any CPU.ActiveCfg = Debug|Any CPU
		{6C085C2D-FFF1-4813-924B-BE8D7F92C1CF}.Debug|Any CPU.Build.0 = Debug|Any CPU
		{6C085C2D-FFF1-4813-924B-BE8D7F92C1CF}.Debug|x64.ActiveCfg = Debug|Any CPU
		{6C085C2D-FFF1-4813-924B-BE8D7F92C1CF}.Debug|x64.Build.0 = Debug|Any CPU
		{6C085C2D-FFF1-4813-924B-BE8D7F92C1CF}.Debug|x86.ActiveCfg = Debug|Any CPU
		{6C085C2D-FFF1-4813-924B-BE8D7F92C1CF}.Debug|x86.Build.0 = Debug|Any CPU
		{6C085C2D-FFF1-4813-924B-BE8D7F92C1CF}.Release|Any CPU.ActiveCfg = Release|Any CPU
		{6C085C2D-FFF1-4813-924B-BE8D7F92C1CF}.Release|Any CPU.Build.0 = Release|Any CPU
		{6C085C2D-FFF1-4813-924B-BE8D7F92C1CF}.Release|x64.ActiveCfg = Release|Any CPU
		{6C085C2D-FFF1-4813-924B-BE8D7F92C1CF}.Release|x64.Build.0 = Release|Any CPU
		{6C085C2D-FFF1-4813-924B-BE8D7F92C1CF}.Release|x86.ActiveCfg = Release|Any CPU
		{6C085C2D-FFF1-4813-924B-BE8D7F92C1CF}.Release|x86.Build.0 = Release|Any CPU
		{C37CB66A-C567-4917-AF61-9B03FCE497D6}.Debug|Any CPU.ActiveCfg = Debug|Any CPU
		{C37CB66A-C567-4917-AF61-9B03FCE497D6}.Debug|Any CPU.Build.0 = Debug|Any CPU
		{C37CB66A-C567-4917-AF61-9B03FCE497D6}.Debug|x64.ActiveCfg = Debug|Any CPU
		{C37CB66A-C567-4917-AF61-9B03FCE497D6}.Debug|x64.Build.0 = Debug|Any CPU
		{C37CB66A-C567-4917-AF61-9B03FCE497D6}.Debug|x86.ActiveCfg = Debug|Any CPU
		{C37CB66A-C567-4917-AF61-9B03FCE497D6}.Debug|x86.Build.0 = Debug|Any CPU
		{C37CB66A-C567-4917-AF61-9B03FCE497D6}.Release|Any CPU.ActiveCfg = Release|Any CPU
		{C37CB66A-C567-4917-AF61-9B03FCE497D6}.Release|Any CPU.Build.0 = Release|Any CPU
		{C37CB66A-C567-4917-AF61-9B03FCE497D6}.Release|x64.ActiveCfg = Release|Any CPU
		{C37CB66A-C567-4917-AF61-9B03FCE497D6}.Release|x64.Build.0 = Release|Any CPU
		{C37CB66A-C567-4917-AF61-9B03FCE497D6}.Release|x86.ActiveCfg = Release|Any CPU
		{C37CB66A-C567-4917-AF61-9B03FCE497D6}.Release|x86.Build.0 = Release|Any CPU
		{33179E25-8488-4E36-B994-C6C7A1ED77A6}.Debug|Any CPU.ActiveCfg = Debug|Any CPU
		{33179E25-8488-4E36-B994-C6C7A1ED77A6}.Debug|Any CPU.Build.0 = Debug|Any CPU
		{33179E25-8488-4E36-B994-C6C7A1ED77A6}.Debug|x64.ActiveCfg = Debug|Any CPU
		{33179E25-8488-4E36-B994-C6C7A1ED77A6}.Debug|x64.Build.0 = Debug|Any CPU
		{33179E25-8488-4E36-B994-C6C7A1ED77A6}.Debug|x86.ActiveCfg = Debug|Any CPU
		{33179E25-8488-4E36-B994-C6C7A1ED77A6}.Debug|x86.Build.0 = Debug|Any CPU
		{33179E25-8488-4E36-B994-C6C7A1ED77A6}.Release|Any CPU.ActiveCfg = Release|Any CPU
		{33179E25-8488-4E36-B994-C6C7A1ED77A6}.Release|Any CPU.Build.0 = Release|Any CPU
		{33179E25-8488-4E36-B994-C6C7A1ED77A6}.Release|x64.ActiveCfg = Release|Any CPU
		{33179E25-8488-4E36-B994-C6C7A1ED77A6}.Release|x64.Build.0 = Release|Any CPU
		{33179E25-8488-4E36-B994-C6C7A1ED77A6}.Release|x86.ActiveCfg = Release|Any CPU
		{33179E25-8488-4E36-B994-C6C7A1ED77A6}.Release|x86.Build.0 = Release|Any CPU
		{67DDCDD3-8BA3-4FC3-A559-57A73E7D601A}.Debug|Any CPU.ActiveCfg = Debug|Any CPU
		{67DDCDD3-8BA3-4FC3-A559-57A73E7D601A}.Debug|Any CPU.Build.0 = Debug|Any CPU
		{67DDCDD3-8BA3-4FC3-A559-57A73E7D601A}.Debug|x64.ActiveCfg = Debug|Any CPU
		{67DDCDD3-8BA3-4FC3-A559-57A73E7D601A}.Debug|x64.Build.0 = Debug|Any CPU
		{67DDCDD3-8BA3-4FC3-A559-57A73E7D601A}.Debug|x86.ActiveCfg = Debug|Any CPU
		{67DDCDD3-8BA3-4FC3-A559-57A73E7D601A}.Debug|x86.Build.0 = Debug|Any CPU
		{67DDCDD3-8BA3-4FC3-A559-57A73E7D601A}.Release|Any CPU.ActiveCfg = Release|Any CPU
		{67DDCDD3-8BA3-4FC3-A559-57A73E7D601A}.Release|Any CPU.Build.0 = Release|Any CPU
		{67DDCDD3-8BA3-4FC3-A559-57A73E7D601A}.Release|x64.ActiveCfg = Release|Any CPU
		{67DDCDD3-8BA3-4FC3-A559-57A73E7D601A}.Release|x64.Build.0 = Release|Any CPU
		{67DDCDD3-8BA3-4FC3-A559-57A73E7D601A}.Release|x86.ActiveCfg = Release|Any CPU
		{67DDCDD3-8BA3-4FC3-A559-57A73E7D601A}.Release|x86.Build.0 = Release|Any CPU
		{B8BEDCE0-9D82-4AF0-889A-4E3BDEAC5E96}.Debug|Any CPU.ActiveCfg = Debug|Any CPU
		{B8BEDCE0-9D82-4AF0-889A-4E3BDEAC5E96}.Debug|Any CPU.Build.0 = Debug|Any CPU
		{B8BEDCE0-9D82-4AF0-889A-4E3BDEAC5E96}.Debug|x64.ActiveCfg = Debug|Any CPU
		{B8BEDCE0-9D82-4AF0-889A-4E3BDEAC5E96}.Debug|x64.Build.0 = Debug|Any CPU
		{B8BEDCE0-9D82-4AF0-889A-4E3BDEAC5E96}.Debug|x86.ActiveCfg = Debug|Any CPU
		{B8BEDCE0-9D82-4AF0-889A-4E3BDEAC5E96}.Debug|x86.Build.0 = Debug|Any CPU
		{B8BEDCE0-9D82-4AF0-889A-4E3BDEAC5E96}.Release|Any CPU.ActiveCfg = Release|Any CPU
		{B8BEDCE0-9D82-4AF0-889A-4E3BDEAC5E96}.Release|Any CPU.Build.0 = Release|Any CPU
		{B8BEDCE0-9D82-4AF0-889A-4E3BDEAC5E96}.Release|x64.ActiveCfg = Release|Any CPU
		{B8BEDCE0-9D82-4AF0-889A-4E3BDEAC5E96}.Release|x64.Build.0 = Release|Any CPU
		{B8BEDCE0-9D82-4AF0-889A-4E3BDEAC5E96}.Release|x86.ActiveCfg = Release|Any CPU
		{B8BEDCE0-9D82-4AF0-889A-4E3BDEAC5E96}.Release|x86.Build.0 = Release|Any CPU
		{3AD3BE06-5993-4540-8531-20D74FDD5D2F}.Debug|Any CPU.ActiveCfg = Debug|Any CPU
		{3AD3BE06-5993-4540-8531-20D74FDD5D2F}.Debug|Any CPU.Build.0 = Debug|Any CPU
		{3AD3BE06-5993-4540-8531-20D74FDD5D2F}.Debug|x64.ActiveCfg = Debug|Any CPU
		{3AD3BE06-5993-4540-8531-20D74FDD5D2F}.Debug|x64.Build.0 = Debug|Any CPU
		{3AD3BE06-5993-4540-8531-20D74FDD5D2F}.Debug|x86.ActiveCfg = Debug|Any CPU
		{3AD3BE06-5993-4540-8531-20D74FDD5D2F}.Debug|x86.Build.0 = Debug|Any CPU
		{3AD3BE06-5993-4540-8531-20D74FDD5D2F}.Release|Any CPU.ActiveCfg = Release|Any CPU
		{3AD3BE06-5993-4540-8531-20D74FDD5D2F}.Release|Any CPU.Build.0 = Release|Any CPU
		{3AD3BE06-5993-4540-8531-20D74FDD5D2F}.Release|x64.ActiveCfg = Release|Any CPU
		{3AD3BE06-5993-4540-8531-20D74FDD5D2F}.Release|x64.Build.0 = Release|Any CPU
		{3AD3BE06-5993-4540-8531-20D74FDD5D2F}.Release|x86.ActiveCfg = Release|Any CPU
		{3AD3BE06-5993-4540-8531-20D74FDD5D2F}.Release|x86.Build.0 = Release|Any CPU
		{5FE7223B-68D9-42F7-B7AC-EC0802230E40}.Debug|Any CPU.ActiveCfg = Debug|Any CPU
		{5FE7223B-68D9-42F7-B7AC-EC0802230E40}.Debug|Any CPU.Build.0 = Debug|Any CPU
		{5FE7223B-68D9-42F7-B7AC-EC0802230E40}.Debug|x64.ActiveCfg = Debug|Any CPU
		{5FE7223B-68D9-42F7-B7AC-EC0802230E40}.Debug|x64.Build.0 = Debug|Any CPU
		{5FE7223B-68D9-42F7-B7AC-EC0802230E40}.Debug|x86.ActiveCfg = Debug|Any CPU
		{5FE7223B-68D9-42F7-B7AC-EC0802230E40}.Debug|x86.Build.0 = Debug|Any CPU
		{5FE7223B-68D9-42F7-B7AC-EC0802230E40}.Release|Any CPU.ActiveCfg = Release|Any CPU
		{5FE7223B-68D9-42F7-B7AC-EC0802230E40}.Release|Any CPU.Build.0 = Release|Any CPU
		{5FE7223B-68D9-42F7-B7AC-EC0802230E40}.Release|x64.ActiveCfg = Release|Any CPU
		{5FE7223B-68D9-42F7-B7AC-EC0802230E40}.Release|x64.Build.0 = Release|Any CPU
		{5FE7223B-68D9-42F7-B7AC-EC0802230E40}.Release|x86.ActiveCfg = Release|Any CPU
		{5FE7223B-68D9-42F7-B7AC-EC0802230E40}.Release|x86.Build.0 = Release|Any CPU
		{E015AB0C-E1ED-49FF-9E35-853871B83192}.Debug|Any CPU.ActiveCfg = Debug|Any CPU
		{E015AB0C-E1ED-49FF-9E35-853871B83192}.Debug|Any CPU.Build.0 = Debug|Any CPU
		{E015AB0C-E1ED-49FF-9E35-853871B83192}.Debug|x64.ActiveCfg = Debug|Any CPU
		{E015AB0C-E1ED-49FF-9E35-853871B83192}.Debug|x64.Build.0 = Debug|Any CPU
		{E015AB0C-E1ED-49FF-9E35-853871B83192}.Debug|x86.ActiveCfg = Debug|Any CPU
		{E015AB0C-E1ED-49FF-9E35-853871B83192}.Debug|x86.Build.0 = Debug|Any CPU
		{E015AB0C-E1ED-49FF-9E35-853871B83192}.Release|Any CPU.ActiveCfg = Release|Any CPU
		{E015AB0C-E1ED-49FF-9E35-853871B83192}.Release|Any CPU.Build.0 = Release|Any CPU
		{E015AB0C-E1ED-49FF-9E35-853871B83192}.Release|x64.ActiveCfg = Release|Any CPU
		{E015AB0C-E1ED-49FF-9E35-853871B83192}.Release|x64.Build.0 = Release|Any CPU
		{E015AB0C-E1ED-49FF-9E35-853871B83192}.Release|x86.ActiveCfg = Release|Any CPU
		{E015AB0C-E1ED-49FF-9E35-853871B83192}.Release|x86.Build.0 = Release|Any CPU
		{7EE148D0-40D5-4C66-B501-8B0CF3C379C1}.Debug|Any CPU.ActiveCfg = Debug|Any CPU
		{7EE148D0-40D5-4C66-B501-8B0CF3C379C1}.Debug|Any CPU.Build.0 = Debug|Any CPU
		{7EE148D0-40D5-4C66-B501-8B0CF3C379C1}.Debug|x64.ActiveCfg = Debug|Any CPU
		{7EE148D0-40D5-4C66-B501-8B0CF3C379C1}.Debug|x64.Build.0 = Debug|Any CPU
		{7EE148D0-40D5-4C66-B501-8B0CF3C379C1}.Debug|x86.ActiveCfg = Debug|Any CPU
		{7EE148D0-40D5-4C66-B501-8B0CF3C379C1}.Debug|x86.Build.0 = Debug|Any CPU
		{7EE148D0-40D5-4C66-B501-8B0CF3C379C1}.Release|Any CPU.ActiveCfg = Release|Any CPU
		{7EE148D0-40D5-4C66-B501-8B0CF3C379C1}.Release|Any CPU.Build.0 = Release|Any CPU
		{7EE148D0-40D5-4C66-B501-8B0CF3C379C1}.Release|x64.ActiveCfg = Release|Any CPU
		{7EE148D0-40D5-4C66-B501-8B0CF3C379C1}.Release|x64.Build.0 = Release|Any CPU
		{7EE148D0-40D5-4C66-B501-8B0CF3C379C1}.Release|x86.ActiveCfg = Release|Any CPU
		{7EE148D0-40D5-4C66-B501-8B0CF3C379C1}.Release|x86.Build.0 = Release|Any CPU
	EndGlobalSection
	GlobalSection(SolutionProperties) = preSolution
		HideSolutionNode = FALSE
	EndGlobalSection
	GlobalSection(NestedProjects) = preSolution
		{6C085C2D-FFF1-4813-924B-BE8D7F92C1CF} = {88BF6FC5-B45E-4422-876C-8B49BE773D01}
		{C37CB66A-C567-4917-AF61-9B03FCE497D6} = {88BF6FC5-B45E-4422-876C-8B49BE773D01}
		{33179E25-8488-4E36-B994-C6C7A1ED77A6} = {88BF6FC5-B45E-4422-876C-8B49BE773D01}
		{67DDCDD3-8BA3-4FC3-A559-57A73E7D601A} = {88BF6FC5-B45E-4422-876C-8B49BE773D01}
		{B8BEDCE0-9D82-4AF0-889A-4E3BDEAC5E96} = {88BF6FC5-B45E-4422-876C-8B49BE773D01}
		{3AD3BE06-5993-4540-8531-20D74FDD5D2F} = {88BF6FC5-B45E-4422-876C-8B49BE773D01}
	EndGlobalSection
	GlobalSection(ExtensibilityGlobals) = postSolution
		SolutionGuid = {D667AA76-F90A-4146-AF1F-64F1AB656CE8}
	EndGlobalSection
EndGlobal
